4145702d1773e90b14bb3323855f8e18dc46bf508376788694800aa7a1f35679e53a9f32d2276cc836bd67df5a70edc048c406db4d89873660ea3c6bbb7961a5d8172c1fadfc2074ad9c45850e9ea5900d02fac9226eb46ba4d56ac1eda533addc3ab17b9b73f6e5e4c9db71d3830c5c98ed101d57b42896e1c1b13e4b20dfab550d034838f1832c333e9319ac3c58f74e97c7b3536126b72355f406a9ec9c20e059177addbb7c6f68cf508fe6585fe138c12c3d595ab51f23722a120e72d5d0722d423e1fb998370d1d64e0647abec87f354c864c5026b2bb0fbdd1a15b321150ff455215a3080d1f58c559d31596214c5a4060f2ab688fd341e7ddaa545a7e5e57d5acb0d15f0d6be8a591dbc6aab59f17946152503f60b07dfd724632247e3cedf8d7ec9d91d8cfe253a05494251c54a7a2540bd3528d19104e9666a92c46d4cabd799ae8bb1b86e34b2eb9a2555b9bb114f419dc540dc184f4e83b2c589c96f33699f54f5bc9c9231579692dbe816f4b550d1bd045742d91b948e57d2ca078a5977a82b6c913830049b5d5cd3030d219c985a18faf1c5fa10d5690e384fc0ebe79df43a33ef528b7a9315f89dd8093ae5ded8513a7899dfc21f6d0234dd3c28ef467ea89d4a8cbba6920368d2dd77ea17932efd74822143f61ccd2c288980e4a02f47a9dac2cf249841ea11c816ad70526cb0893d6b168bfbafa1b2788c2d6814ead385809858aea725c110ae8abc7068d74b9095cfffa929c079610a5a91d1d4391646df041eac5b9e268a600e109255e83c4dc3ef0e91e98d2395a7b27afff83846e5f16ddb723df159e3febdeb826fc8ddfc0c4a56793c2fa20ced06175b79e900ac14f1e56861fadbdb5dedd1c5bfb60bc7bef794b73a0748143ea75dafdb9f87d64249abfcb2cf6aa4fede3bacf1425840dcd342c6dd5d524d8775d2ca5d4cbd03280e1de6a038676305ac388afd286febf4f42d3330bfa0f04a1a50154629ea0daea3155317a1261831ce169b2c372556bb9a56847c0f1daddd9e53ffb0fae530f837687ef9af9c17a93cdcdf15f6a6c5b4f467129018b0dcedec150317944dda819653ecdb027ddba62845944e682a6897d43c20fd9137ab6ff60198e43af8931de96e336d6887518d0c14264d0f189b774c658648131a63ebbddc1c2dfd93a23769f396fc6acd07b97d8a787f7e418d312beb2dd5c251ca315a6473414512c4af093555abe01f09a74584758b5bcb3cefc36a664f05b36c1bf47faceca6741b1cb0da5475086ca70ee9d9bf37682ecd2965e12822568a85b9da7b954340bad30ef511940f50c9b4228d87b0e4bc0f592b64ec9c8ceacfdbfb87ba17cf50428a680c2da010cac79922dd7165b261aaa4dc199ac5ecb0904fd15ebfc125ca3ced38e9e1a0b261ca07a694a99d3de734b9efa79d198235526b0763e0091e002cdff2ff9941835c072bf862ce2efe1e42d245534ab04f6f4eaca46c0105355d46e2a28f0dfce3d79ddd18db9266b2ba03c3d078fc3cf4975901ffcd92f88c2d90fa69c2092e10daa2ac545ac72d2c7145cabaad04420e40a7e9f0f09fa62cc83ec9bf633bfc673394c2d828ad8927340d8cd017fa95e76cc7c74efee75cf2ae678c5149534e2e2d21cad0ae499075d868c268a5549b7d27bfdc1f2b3a7428b307486970655c4d0b73659368688f38b10797935b78a9de44dd03ae06fba3bbfc5e77c7d7c904dc5bcd0e1d0217f69aa908c28804f5da514a1819f209c27a34d943103fcdf919073aaef4a2ce84a60c0280c3539ad59af0621015d41a32976136e9da5a8f30347d7eef4c77ba9dd91adc200b1d0c5a3fdd55fb52e9f66affcfbaee25ac7c3408065f63bd1ee43d0b39eebd307c3d1e72cd815b03c457ff4454b53e3c967f30f4372f47a5ccd107d8bdfefa96cbcd68f0e4a8963fce06aed75b989991bfb7b9d3b00f5f643a7288c132efe2cabdf6e95af38c0a9f3e3045c56a8d27d8df1f680c4617724a7ed11d8b0ac1d5c6714865d662caec69831a7573e984e1d5adc757432717605f63b11931ece80d23a793b0a68644717897d37fc0d09824390e62659d3e11fb1b1563e8e4abf420e3d070ca1a48628c7a2183eb79446ea400a5df8b8056a2ebf5572c183ffd7d05b0736a665a6166278b086529477940f391330a463afbfac7caf41de5abe1f7e56b18021009707e0f9935e9792f9c429838bd6d9a857769f0f832d7d1e62d125d1640ddc6bd6fd2128b0381a091739001a13b1c14d97f46e37d3cefe2693a8149439a37d4a18917ff7b41e46f058ecfde16a416985b88f96d1dcdd2b2101f09766482de6d50b8fdca04e07452e6cea19b99d1b9c470861bb0a637447d0f541ff67640ffe7d2b729d147d33322705a04d2a54c35956ff245c25df8fe707baa89805ddf29863d9c26018c095ff10cec63913a6ec59641a3334096dd0874541025fe19f905756fd8b94ecef2694aaf4e23b23aef1fca387c2096950380c27301f93c58fe5d17d37ed6fe7a69f71b90b29202396d4f670a689fa4c6de48596bf31e5ad538b9f3651c8b07d39bd3ecefb190800ecd6dc21878856ca52a9c0c3497f12aecd22be7972ec8a177488e9b2f0ddef9c5e32048f22374e48059cba136fe00d89a63ab4e496c41905d859472a42037d005caf91ffa1c1a2e55a924edbc6614045db5b458011cca7d4fb9d2fc3ac8e48c36f63b8562c465b395ba137c8ed9b539aae81bc37e0b02be7a37c680091e002cdff2ff9941835c072bf862cef29f903f6108e03ad8f27a0d9d63b5243a873c032cb24790a46898465c5013f7bdb7ab76af4110c24a32bec92ea182c37eec44e0e3d40be072b1299e39bd2297a9064c4d840f321e049d126fa07f209332a280de170a43de8a64cc5af796d754901a736af1087f14720ea4b3a05bbc0da473a559d6d238bb864adbf4edffee099075d868c268a5549b7d27bfdc1f2b314ce5da9b91b55b69ec64ff4fba0a6fdcf51609978d7e97b54fa5aa31e2d3ce8b1562067e83dbe8285d4be82159e1c47136a8a9a99de90adb4f3f5a09c212b8578c4f309fe6f8fad077c5ec903833af8d56064c5e00252a918cefc8ab84cbba69c2f016c946f104a49733e794281600ce066e8386ccf3275a3bdd8834d0e15ec337eeaae0e39a93985e1a3e93e6fa9a9fc9b1d3f3665a296bab93b062f7f802da4d91e1dde500524ca78042bbc3236f669b2c372556bb9a56847c0f1daddd9e57a08a6ee273fdab7363393d93f1e447761e307225f9390f4d18e07328a40cfe5e5d2bb677c9fcd19970444e2874e9b5f95b3eb8db33c009d5a4ffeac7264b0cd3158b44ed73ebfd7ecfd4fc406629ab90c1542905b110c80c6f394e537ad333094fbaf64d9018d5287ae59927fdfbb1c674394dbe6d2bbb6de60168b8acd0f67148132f1e4fb33db8d6873eb6bdaafe1ccfb68269eaab88a4871ed714ff0ef34930a77532537abf5c4527fbfdf2851249ecb5d6088bd6ac9d16dd3f4efffe65d2f6a27364e4cdd9445e1e385132ad81a336fe23a64c36b223c8c98e15395e789a8ad669f7345a1f15e88ca9dc5d9e47418ad156bd1a9f90ba3aa4c74a232341ce326dd66c9ab1cb732f70944a3ff7e823598972e6562f9bded63d6d4fae73ee040ce0f245687a0500ffa7c1b9d2b98f369b2c372556bb9a56847c0f1daddd9e5dee1c24bfd95ce28128e5e9e0a0ec8dffb6e0c9653bc0556bff4dde8d72c3696f4a8e06029f0b234e73d22ee7c30827c5a32d97a82ea3446cacdde4510feae4b0d0537dc5fad1276859c2f6869f11763bcf9dc22da17a40775da30a44fcc721394fbaf64d9018d5287ae59927fdfbb1cd7086a54046475c5c32104477ad12a2b0c3a23717a5392ce3874dc9f41e7f6c11ee6a6ae2b81eca9c09e0caa17f10e12a26128c932abe05d470fb8b884f36fbe35ffdcc8ad061477fbef64037ce42260b94485d4a711e08b21d56c93222f798153583babb7e5347ee8ed9a5996d227658e6e5b02c2027765b9c618542d79c371dfdf026218398d65c237bf7a01acf746195a502ae3c072ecee50beea623c7b07d4775db312218129365b918491a3997f1eb6db6796db8432c97cdd2770c073557d8bdfefa96cbcd68f0e4a8963fce06a88874670cfcc9d76f43977d429dd9788ca376e4e560c4fe3f525e7f8b2ce1b21f9add3665fb3a1dac6d81e2103585c7a3197a5990b6820df5abee3f665f8f1a55068bdd9a458fcaa667d4b6de08b4bc05d98f5a69b0e98073ed9c23d5b98dbb06c45ffa80fd087721e926be4d2e4e677b7ee1d288154ed762e944d4fd5047c99c627c9f1014f0baf07d0d9f25530559633bc71e60161da6b0a78824d20149ad3573be876a50542e408dc5ba6c97b0012f4d38a33a2667e8eea8ac9181b8d697ce81780e078ec2da4834c146a15f044eb12ec006bae2e11c24a410c65ec247f7cd09e5a998febb233d473cdfbdc06eae2cf1b8c1e7f1992ce0a0540ead16c1124a07b5679bb3dbfcbd87367d9b718c41b1be90c25d0d286fbbcebc15ecb94488fb5bb3b376b17bf4c5a9050f34d09baf7a8404decce88e888a49b65e9c05db35a600618ae2ee21184a4918585c3378c5e0caaf63e9f65ab9eb86a355b2e98f5d88359f23479250b919d923252ca41e6a9b1007b80897541aa468a60cead57a5fa91f6f736e51102a5f0f1891ca0572766d60f111392a8eaf099871f299c94c535d1422cbc05c418acd6843e790f4f8dff46e5dad508fc859bd2c8e1335bcd68f5f42edad1503a326e8d98497b6122a0f0357c05ae38511966cec8a393b72be5393c146c397c68ebb4e14715477346be07ca2b10ae1801b0b2763c12b9680d6519847708a0f1e76064c880a526b4aaffe4cb383f33b54067959e7d6ea5294255bfc5ca5af0b46eadec6048d0cbb2741b2d289aa2b9ae6a2732a0b149d6a8f314f37e5e3874c46505986c3bcb8e416372a5f15f552bf2a205d688a3220fb55b4b05a5962d0d33a7fbd13b9c3f9ecaeab6f47705c4e1d6c05e03f2a6d909261d0a7c62988d7cc352779f20e9740f527e1641734153ebba9521eb3dec76cde6b18259e77fbc2ed3e582aee91b3f664166067834cb4cfc89b341b6d6ef1011e187b3da8a745ea0589c521869ea3d3d694badd799075d868c268a5549b7d27bfdc1f2b3d2590e63d1ba78da00c3edd6f0ca0609fc7d32404b553fbad4d50ccb1086d802e1df6f43758993f1f9ee040b744838d247b25ae221e82232e2915d7d3f2e326a8d76e5a35677545c7f8af890b1e123cb67ba17d3c2070967590841788b542e8dfa48abb190ac08785840a8f48b2ff1be1084ff3ac953769cde7ac1dd84acf25865825472f89ae985868cd8e375e0a398661f70b4cabd6c30b8fd6843987d828c7ae58c1ea62a7f10f9a0dafc83962465bded9fdffdba933e823519094552bc8d78a5977a82b6c913830049b5d5cd30302e57d23876effc2ed9d4830b718cc18d780b97ffc62187275006d3e337faf0e4fd10d9acee9b8cdd417647b8ba50b04b642592ba990d8dc22456f3e457602df3dd2a2cd83d419198d892f4d7443bd011e9ff1ff6b2c6ef152b29ee825b55e0a69e3bb621ae08248ea2b7252ab7c717be698f35b8038a9d063372d93233dda941c7068d74b9095cfffa929c079610a5a9a5349870e128e4b7a5f313b44b1bc200bfc2677684b85acffd4423723c625db52e7d098ac51d04af4f2339bc73ef9bbdf763f7a9618f4ed5ff4a595b6f53771ec26313d61b0560139b8154740e51f63f958867b7bfdb5b53e7dcdabbccf28f90bf083b503c93db46f32cc6313afc722a0adf79434aeef8617c23895cf1818998670bff5526a83e6b6f5dafbe2cba27b9c0fb8b17922112d00c77d943e177d0efd6f6ece785331a0f2d98604e7ff0e226ac95a6ea3f0eec99bbbed5bd4cb909cedf8164a04c98c587d2009457a25243e8bd9071b0f2f1a1963e532431d3cf05b7b836c214eee552298c65ca528c696112b3e22f4126e107b2fcc6433cf663231ee137ea9f86c5c8a7c80748ec4a131b6aa1d8cea5acbb64aa2bd3d6b9c86f4afb1230c6ad499e2566fa591fdccabf718f6a6d9d93ebe28845d1991d30a71d2223650ca92356ed0df490c4a650eb66bf59e0115dafaa6cdf942965e1876197448b97fa180dc2acccf640fcf8d4f0248039aac59315feb7442cd7e4f25f670c094a7d1056d11488db80a6bd0d10c0805a7c100016fa8da7e4ae5713d83e55695322b0aeec2736404c509a0900961d670661d7127b8336ea68198b19fca0979b214a78a5977a82b6c913830049b5d5cd30304ec44e3c255206f0d4632296b0d81f7cd8ccf7e3d1472679c8f0ae799aa13ebf1e48a2f055186350c61358e0a732b64f1f28e12639e366d8d4b41f959812f88478901e2122f06598d616d87b1f0275de47101503d3f29aeb450894b366e4ddd2d1400501d0be107bce3b3ed8d2cff78dc5dc91b603f3afb0cdecc675e7ea8fc5201c1f25c422fbe5117bd8996516fc11feb18fb9ab9781a0ca04fed418529e6d23114a101f79b5c90ad3f5a740adb1da4b6c90333ce48e63fccb455c0499bd9d2f3f3af6407daf598ceb2332a452e15c3b04bc959a2f6b51f706edde25d38998a807b55790caa589a4416c8b7de5e7f440c67c0c0d9761ef265569de338252da5e45239e7edefcfcf235a06c931b47d38c2d699d20a770bb6b8ebc0f86737f72535b12fe9d837e139db24548544319160c59a27e42733da3e33aa96520b5b0acbd660d0346440c07276cbf1f959cb08ac554e8e9e36aea0ff7c0725b3264b5071f7c59f53e8ae7066ac2af08f24ac084f7725d352727322670ca8f1d60c338fc0e8db12743146d877eb414a2caf90fd3e1f4de9109debfe79dd86239f2f469e1af93058eb6b1a668b48d65a4ab32941e201c1f25c422fbe5117bd8996516fc115829ff52ee024aaec434c45cf81496496680dd2e3ba6055ba595868553151fd40c909e4872d5245e323bb2b896dedff0acf4766acd26a10e99d32ece0df3770c40cdaad2101b3ac8172141f13e76afd7fb50de53ac1c9e8adbdaa46d054863ef6f421f775c0bf15b6cefa59758af75115e45239e7edefcfcf235a06c931b47d3c0d1a39f88f273972b24d044b3af83159fa4d1446a4b3031da6c9541b83bd0f82adc56d0c7c86690ab011efc1941f95cac95a6ea3f0eec99bbbed5bd4cb909cedfacdfe931d60b6ad79c7bda16aff169e25b88590524c43e0c23c067a39d0389e9c4ddd6cb3bdfaedfb58d31142b124f5220a1ebef54ad7ea2701e0ce194a6b5cf7534c8b80a06549f3f4c10999e127822c7f66d0c5116939405e046e50276bc1230c6ad499e2566fa591fdccabf718f4e7d3336cb8a021719df5c5dd66029645cb278db380b45b31b954a182a4f50e244b8bc96d77ad36bae2f378d7dee8b059a53b797db4591cce41d0fa7d32cc95ca141ffdc11bd0f46e76bb9e519902e3a59030f175b7d9ff319d49e023c05fcc14a745fceb0b133bfecae178964cf75d51f09b21763a1e59e93f0e0236f6ea5bd60c3ab987fdb8b9f19f116d69a2bcc5875b6f869227f118d236b68498baf217a073af84efe22362f9bbb2efd33bd7e742e1f6dfb924f71489092e99458e46eba69b2c372556bb9a56847c0f1daddd9e5c8ab88cfbfa4ee82fcd53416f19e37be7a43e775c322243082c3194bb58eead37ab7f77fd62863e383cdbd16b2c092b7444fadf2f39b22dfd896442032051388cc552234692ad133107377b2bac70f0154e62e57c2f2aaae454bdcf474ef56e594fbaf64d9018d5287ae59927fdfbb1c41cb2f06b05e9cfea173f3157b1eeb042a8af4d1df9e3a3a1b1fa5f66f207dbe8d35f076d7604cf7c259b2e457d063b040904434516f431235ef68dcfea38a2050ab0fe18b7791be9523b850ab1d031f8adf45d7405e15b2776e3f45b0cacd00f1c704719fe294d94c74cfec18435a78e7f6b76da3ac9b15c057a613c08e044b535b12fe9d837e139db2454854431916ba0c2d7d7a08d3818a841d7a2fba5c803ba19c899b358b81a2b591f04083bb503777b91d8b1592916f96e82ba89de979d25836e48961ab99a5b6c98f87ca3ae3c18097248d2dc1dfe6e5726bbc2ec2130bdad01cc228899c6e79ff7924c161aac2a4ba02988919d4651551fed54da3e27744a09adc2835cead533ac8b282a73d53beb731ba0cc0bf421091f45b1b9fcf1ea9a8fc5c5c2177791db1253ffef4111930d0065610f49cf0227c9187e980741cc28aaf10043fc5ae5b0ef68fe94f008e8045d4681e68e6616abad2baa4c1bd68272fae25a772d6c0bd9f229304000403628717d18780b345e82e5e314ce268f0165c87b3b989e5768c17713d9ce4122a42037d005caf91ffa1c1a2e55a924eaf19baecaa561d4ba0e63b3be440f0c6a5fd21e54035bd3d1b815044a31426e74218a745c62994aead24660412b460504475f26b584f08810f26186e1000613242caf7c3582696078711013f67d439a7faaa377b4ab111c4310dd902d29656ca273fb24cfc4b23da16c5e9bfb931df8a5b04a1391aa5becaab27eb6a59c975fe0ece66fb649fd81aa4ea7f98ce83df4d4087ace20b003507919c8683c8492d297a6bbbc6213833a7909a3e0aaa8c0f70d167d843d1753373a62fda5728a7915c6cf50d4d73479220ed95c946e636cb992d500c085e5a3b0878c503ce1015c7451f14fcf080bb4edca8a9d00cf713d78c7e53ed056883374e15efeca299b65aef4544f9cbfc9bfc1de0030940b9758c6b7e5e3874c46505986c3bcb8e416372a5ac95a6ea3f0eec99bbbed5bd4cb909cec4fea019d1f022f5b5e58867272dd66bd3751db3f7a426ad9874ca938fdd01341f66c99dfaeea277a57a65417363e9b808ec88ca9809d5466f42786ae4b972b70efce766de3c9800a298d5b66e18b18f12c749521b63d5da1ddd3a271049207e1230c6ad499e2566fa591fdccabf718ff84fec52122277bcd7182fa6830acabd2ccca4b661d6d8592628125f3c338e53e504d397d5fe27e7b643f67ac5137f0984e7c4d9752a38f5e3b3529a708abc36c95a6e9de7756f8841747693a74c3019d20a3902b171e12ab189a49a0150b7002ddadb6de99df1e155130261203933af94b04cb212f19e6b1bb4f19e87eb7c66faa3b3d3ca29ac3323421203fb2f79b0dc3ab17b9b73f6e5e4c9db71d3830c5cbf951ea685e82c2e3393f76655132153d9f522ca7482b3a0e950727764fbd9acaf13e1c7c262064de438871a3aa47fc6495c49a2b229cdc336436f6ebdfe224a2a1eeddf3c35737aad56709cfa2ca3d5cb687c30df3a3f02e30066bda2d3974e3ebe5bfdcd80753638e994b90c5654af57599014d2c459e406928aa30de137807e1728169ffac6fb718b4a7a8ab17f65e8c95f022983185b0598c1b73bfcf51f6bb5b9c116187d24b4b9441448e336a324683e36a054813519803f4b38a8a767d6dc2435ba84f28bd6b455fbf10cec961dbe4e2953dd07ba0db7e47423205cffd36f4c55a60195d9f7bd86c5c01e4e352d6519cd879ef247217b7f74756ed70f7cec02fdf3ba44ed08e226683d4b71b50a483d481c7511b2a10b6841f1210232808b3ec26df4fc6ec3e51338946d19cab82d1428a3abe01756e9829717b99cbff982dc6483507e6bd8a75a600b602155763a3d4faba71dc0c032471edadbbaed28b9c1fa90db9ed8fd7f6e345dc0873161f21bc5c77b9a6ea27d500cfd72ef6cb55198d70f73f39a0dab967138a5a04805e162ebaa35ca4238852de3de3119ddcae3e81d9a8a7a0e5b1f79e91ea5794f7fa19c286bc6af5751a380ba77a13ba0d7128ce530bf68ef71057a8ef7f97f62f70ea00d900d36edf04f0423920b6a607c9115ef839f34d5807de283ee103465cff62d3b0c0d76d4e59875e694ee2c2435d58ff0434c31d9c570bc03bdca97443f0c545e5d930c6e8ce7797a9b2fc5996a391e47d99079f59829375c660de09d236a105c050b7bff89a7b09eb15a29ff13bdf8e7dcce0076293167203d0fc4dc4207f5f47052f246154b16d30125d9a23d0fb59bb402fba397dfe0b5f67b0d32618a4987f2525ecaeab528f446e03da9ddd3c07e27ef702bdb3c723c275ff963d05dd61a2bb42f9891841940e48fabcb46dbafbf8e1d308fd9aa26e6aa64c1bead4238619e4e1af314ad0aa50c51eb402eab6c57474a500d005fd666f8cbd5b6096fccac5235e2bbbca2a933382fe14194fff68e7e19922f753f10582be1d92c34de10d1f7578472df261174a8b2879131427ad83db1a92444d5d3643607176f95d49bfbfacca17f3bae11afdeaa2bde997f528b979af96725f96477de7401e5f702dfbecca4c900a320198a22818705e36d912b7e8d22d33742f80eca059dd549c46bcc4537a3e48cd8e3105258afe4d1daf9d04163c55c4ae604362a75b5931a578acc38e6fffbe26e824098a11058c7068d74b9095cfffa929c079610a5a9686db2d6517326a5deb645d313935dbf29ec975be3935280739290f0e5d8d361afae0601fea35334a1e949797cdcd84545997977261cfce04e005110c10b333df485b73750627487cb23dd27a9ee154d4e8424c9a19ea1e2bfd043edf3acab8983665fe345a2d25115d91bec10748e15
