4145702d1773e90b14bb3323855f8e18dc46bf508376788694800aa7a1f35679e53a9f32d2276cc836bd67df5a70edc048c406db4d89873660ea3c6bbb7961a5d8172c1fadfc2074ad9c45850e9ea5900d02fac9226eb46ba4d56ac1eda533addc3ab17b9b73f6e5e4c9db71d3830c5c98ed101d57b42896e1c1b13e4b20dfab550d034838f1832c333e9319ac3c58f74e97c7b3536126b72355f406a9ec9c20e059177addbb7c6f68cf508fe6585fe138c12c3d595ab51f23722a120e72d5d0722d423e1fb998370d1d64e0647abec87f354c864c5026b2bb0fbdd1a15b321150ff455215a3080d1f58c559d31596214c5a4060f2ab688fd341e7ddaa545a7e5e57d5acb0d15f0d6be8a591dbc6aab59f17946152503f60b07dfd724632247e3cedf8d7ec9d91d8cfe253a05494251c54a7a2540bd3528d19104e9666a92c46d4cabd799ae8bb1b86e34b2eb9a2555b9bb114f419dc540dc184f4e83b2c589c96f33699f54f5bc9c9231579692dbe816f4b550d1bd045742d91b948e57d2ca078a5977a82b6c913830049b5d5cd3030d219c985a18faf1c5fa10d5690e384fc0ebe79df43a33ef528b7a9315f89dd8093ae5ded8513a7899dfc21f6d0234dd3c28ef467ea89d4a8cbba6920368d2dd77ea17932efd74822143f61ccd2c288980e4a02f47a9dac2cf249841ea11c816ad70526cb0893d6b168bfbafa1b2788c2d6814ead385809858aea725c110ae8abc7068d74b9095cfffa929c079610a5a91d1d4391646df041eac5b9e268a600e109255e83c4dc3ef0e91e98d2395a7b27afff83846e5f16ddb723df159e3febdeb826fc8ddfc0c4a56793c2fa20ced06175b79e900ac14f1e56861fadbdb5dedd1c5bfb60bc7bef794b73a0748143ea75dafdb9f87d64249abfcb2cf6aa4fede3bacf1425840dcd342c6dd5d524d8775d2ca5d4cbd03280e1de6a038676305ac388afd286febf4f42d3330bfa0f04a1a50154629ea0daea3155317a1261831ce169b2c372556bb9a56847c0f1daddd9e53ffb0fae530f837687ef9af9c17a93cdcdf15f6a6c5b4f467129018b0dcedec150317944dda819653ecdb027ddba62845944e682a6897d43c20fd9137ab6ff60198e43af8931de96e336d6887518d0c14264d0f189b774c658648131a63ebbddc1c2dfd93a23769f396fc6acd07b97d8a787f7e418d312beb2dd5c251ca315a6473414512c4af093555abe01f09a74584758b5bcb3cefc36a664f05b36c1bf47faceca6741b1cb0da5475086ca70ee9d9bf37682ecd2965e12822568a85b9da7b954340bad30ef511940f50c9b4228d87b0e4bc0f592b64ec9c8ceacfdbfb87ba17cf50428a680c2da010cac79922dd7165b261aaa4dc199ac5ecb0904fd15ebfc125ca3ced38e9e1a0b261ca07a694a99d3de734b9efa79d198235526b0763e0091e002cdff2ff9941835c072bf862ce2efe1e42d245534ab04f6f4eaca46c0105355d46e2a28f0dfce3d79ddd18db9266b2ba03c3d078fc3cf4975901ffcd92f88c2d90fa69c2092e10daa2ac545ac72d2c7145cabaad04420e40a7e9f0f09fa62cc83ec9bf633bfc673394c2d828ad8927340d8cd017fa95e76cc7c74efee75cf2ae678c5149534e2e2d21cad0ae499075d868c268a5549b7d27bfdc1f2b3a7428b307486970655c4d0b73659368688f38b10797935b78a9de44dd03ae06fba3bbfc5e77c7d7c904dc5bcd0e1d0217f69aa908c28804f5da514a1819f209c27a34d943103fcdf919073aaef4a2ce84a60c0280c3539ad59af0621015d41a32976136e9da5a8f30347d7eef4c77ba9dd91adc200b1d0c5a3fdd55fb52e9f66affcfbaee25ac7c3408065f63bd1ee43d0b39eebd307c3d1e72cd815b03c457ff4454b53e3c967f30f4372f47a5ccd107d8bdfefa96cbcd68f0e4a8963fce06aed75b989991bfb7b9d3b00f5f643a7288c132efe2cabdf6e95af38c0a9f3e3045c56a8d27d8df1f680c4617724a7ed11d8b0ac1d5c6714865d662caec69831a7573e984e1d5adc757432717605f63b11931ece80d23a793b0a68644717897d37fc0d09824390e62659d3e11fb1b1563e8e4abf420e3d070ca1a48628c7a2183eb79446ea400a5df8b8056a2ebf5572c183ffd7d05b0736a665a6166278b086529477940f391330a463afbfac7caf41de5abe1f7e56b18021009707e0f9935e9792f9c429838bd6d9a857769f0f832d7d1e62d125d1640ddc6bd6fd2128b0381a091739001a13b1c14d97f46e37d3cefe2693a8149439a37d4a18917ff7b41e46f058ecfde16a416985b88f96d1dcdd2b2101f09766482de6d50b8fdca04e07452e6cea19b99d1b9c470861bb0a637447d0f541ff67640ffe7d2b729d147d33322705a04d2a54c35956ff245c25df8fe707baa89805ddf29863d9c26018c095ff10cec63913a6ec59641a3334096dd0874541025fe19f905756fd8b94ecef2694aaf4e23b23aef1fca387c2096950380c27301f93c58fe5d17d37ed6fe7a69f71b90b29202396d4f670a689fa4c6de48596bf31e5ad538b9f3651c8b07d39bd3ecefb190800ecd6dc21878856ca52a9c0c3497f12aecd22be7972ec8a177488e9b2f0ddef9c5e32048f22374e48059cba136fe00d89a63ab4e496c41905d859472a42037d005caf91ffa1c1a2e55a924edbc6614045db5b458011cca7d4fb9d2fc3ac8e48c36f63b8562c465b395ba137c8ed9b539aae81bc37e0b02be7a37c680091e002cdff2ff9941835c072bf862cef29f903f6108e03ad8f27a0d9d63b5243a873c032cb24790a46898465c5013f7bdb7ab76af4110c24a32bec92ea182c37eec44e0e3d40be072b1299e39bd2297a9064c4d840f321e049d126fa07f209332a280de170a43de8a64cc5af796d754901a736af1087f14720ea4b3a05bbc0da473a559d6d238bb864adbf4edffee099075d868c268a5549b7d27bfdc1f2b314ce5da9b91b55b69ec64ff4fba0a6fdcf51609978d7e97b54fa5aa31e2d3ce8b1562067e83dbe8285d4be82159e1c47136a8a9a99de90adb4f3f5a09c212b8578c4f309fe6f8fad077c5ec903833af8d56064c5e00252a918cefc8ab84cbba69c2f016c946f104a49733e794281600ce066e8386ccf3275a3bdd8834d0e15ec337eeaae0e39a93985e1a3e93e6fa9a9fc9b1d3f3665a296bab93b062f7f802da4d91e1dde500524ca78042bbc3236f669b2c372556bb9a56847c0f1daddd9e57a08a6ee273fdab7363393d93f1e447761e307225f9390f4d18e07328a40cfe5e5d2bb677c9fcd19970444e2874e9b5f95b3eb8db33c009d5a4ffeac7264b0cd3158b44ed73ebfd7ecfd4fc406629ab90c1542905b110c80c6f394e537ad333094fbaf64d9018d5287ae59927fdfbb1c674394dbe6d2bbb6de60168b8acd0f67148132f1e4fb33db8d6873eb6bdaafe1ccfb68269eaab88a4871ed714ff0ef34930a77532537abf5c4527fbfdf2851249ecb5d6088bd6ac9d16dd3f4efffe65d2f6a27364e4cdd9445e1e385132ad81a336fe23a64c36b223c8c98e15395e789a8ad669f7345a1f15e88ca9dc5d9e47418ad156bd1a9f90ba3aa4c74a232341ce326dd66c9ab1cb732f70944a3ff7e823598972e6562f9bded63d6d4fae73ee040ce0f245687a0500ffa7c1b9d2b98f369b2c372556bb9a56847c0f1daddd9e5dee1c24bfd95ce28128e5e9e0a0ec8dffb6e0c9653bc0556bff4dde8d72c3696f4a8e06029f0b234e73d22ee7c30827c5a32d97a82ea3446cacdde4510feae4b0d0537dc5fad1276859c2f6869f11763bcf9dc22da17a40775da30a44fcc721394fbaf64d9018d5287ae59927fdfbb1cd7086a54046475c5c32104477ad12a2b0c3a23717a5392ce3874dc9f41e7f6c11ee6a6ae2b81eca9c09e0caa17f10e12a26128c932abe05d470fb8b884f36fbe35ffdcc8ad061477fbef64037ce42260b94485d4a711e08b21d56c93222f798153583babb7e5347ee8ed9a5996d227658e6e5b02c2027765b9c618542d79c371dfdf026218398d65c237bf7a01acf746195a502ae3c072ecee50beea623c7b07d4775db312218129365b918491a3997f1eb6db6796db8432c97cdd2770c073557d8bdfefa96cbcd68f0e4a8963fce06a88874670cfcc9d76f43977d429dd9788ca376e4e560c4fe3f525e7f8b2ce1b21f9add3665fb3a1dac6d81e2103585c7a3197a5990b6820df5abee3f665f8f1a55068bdd9a458fcaa667d4b6de08b4bc05d98f5a69b0e98073ed9c23d5b98dbb06c45ffa80fd087721e926be4d2e4e677b7ee1d288154ed762e944d4fd5047c99c627c9f1014f0baf07d0d9f25530559633bc71e60161da6b0a78824d20149ad3573be876a50542e408dc5ba6c97b0012f4d38a33a2667e8eea8ac9181b8d697ce81780e078ec2da4834c146a15f044eb12ec006bae2e11c24a410c65ec247f7cd09e5a998febb233d473cdfbdc06eae2cf1b8c1e7f1992ce0a0540ead16c1124a07b5679bb3dbfcbd87367d9b718c41b1be90c25d0d286fbbcebc15ecb94488fb5bb3b376b17bf4c5a9050f34d09baf7a8404decce88e888a49b65e9c05db35a600618ae2ee21184a4918585c3378c5e0caaf63e9f65ab9eb86a355b2e98f5d88359f23479250b919d923252ca41e6a9b1007b80897541aa468a60cead57a5fa91f6f736e51102a5f0f1891ca0572766d60f111392a8eaf099871f299c94c535d1422cbc05c418acd6843e790f4f8dff46e5dad508fc859bd2c8e1335bcd68f5f42edad1503a326e8d98497b6122a0f0357c05ae38511966cec8a393b72be5393c146c397c68ebb4e14715477346be07ca2b10ae1801b0b2763c12b9680d6519847708a0f1e76064c880a526b4aaffe4cb383f33b54067959e7d6ea5294255bfc5ca5af0b46eadec6048d0cbb2741b2d289aa2b9ae6a2732a0b149d6a8f314f37e5e3874c46505986c3bcb8e416372a5f15f552bf2a205d688a3220fb55b4b05a5962d0d33a7fbd13b9c3f9ecaeab6f47705c4e1d6c05e03f2a6d909261d0a7c62988d7cc352779f20e9740f527e1641734153ebba9521eb3dec76cde6b18259e77fbc2ed3e582aee91b3f664166067834cb4cfc89b341b6d6ef1011e187b3da8a745ea0589c521869ea3d3d694badd799075d868c268a5549b7d27bfdc1f2b3d2590e63d1ba78da00c3edd6f0ca0609fc7d32404b553fbad4d50ccb1086d802e1df6f43758993f1f9ee040b744838d247b25ae221e82232e2915d7d3f2e326a8d76e5a35677545c7f8af890b1e123cb67ba17d3c2070967590841788b542e8dfa48abb190ac08785840a8f48b2ff1be1084ff3ac953769cde7ac1dd84acf25865825472f89ae985868cd8e375e0a398661f70b4cabd6c30b8fd6843987d828c7ae58c1ea62a7f10f9a0dafc83962465bded9fdffdba933e823519094552bc8d78a5977a82b6c913830049b5d5cd303038c9b59faab9ddae87a58029adffbf1893752e441e55e72afe5a14ce7289749564d84aaee9269944e643a757b11c49f868fc1cbea96dfc90ce8dd954fb2a20e463b07f5fe8bfeea206145fda467fbbd0099f0249768027f284d5c2ec1c0482ea2fa3cfbada16c322aa23db89176b88ff99075d868c268a5549b7d27bfdc1f2b3bcb58c7b64b199b69616a7cd69181a0486857136437e7f859e3f478d53c2a1f3e61be9544f0c6bf4d55c418116d7c4bc34956a5f43d2418c4bef386c940f25252824feab2b156a463ae7d1730a252d3b92b9a1d9d9aa1e79e2299bfe91ccfccc959d12dab9bcef6d50a022b935bdf3782cec7bab11f169c3116d2a399bf2e8fd2d2121d18d46a20cdd40bb2a233b8e11b5a965edd77a39fb8c3e36930bb3896fc55cd4f87fac681ec98fa1c44ae2605d7d8bdfefa96cbcd68f0e4a8963fce06adf60b753e239966faac46c452680837d6fb75249164e2d5280f14c4ea2183a15513ff20407612bea3a4c04ec9c9f852c2e027470df8e35bd797ae3eb275026e5cecb0b9004f7de2c215d91f2365647ebc2fe076cd4b1579f702f2da54ab14ccc6c45ffa80fd087721e926be4d2e4e677750b0823d6cd869b928adc4e9edae3626d96df06824504f628d31be998cd8c20a06977a696ff811dc761f2419f42d8a5fe50629b8ea3a9a383557730ef6e54c87823add13c6266445fdf995cef1301e30b7b1b6be893aa18da0be3a185ab915cd5fa782ccb22e1eab1e4807fa733e059f2b1df9552c8ba88571f78bd5f9b96169173d2fcc3195db65e3c102a030579197e5e3874c46505986c3bcb8e416372a58f94e8590478b4b7f27687b167a01669ee8e8ae186ea22464b2802eac6a92b37efd92961aad305b6bf33a128884b92cc66e00fcf33a45e6162e16aeaa772d20958e6f4b785e124ddd59c43cd2ecfc27382a1b4b5d49f8a32ef231bd775e07b6fc561088a90ef95fafb974d31267a392ab31329d77f7b4ccb729435ebae8f46d10ece66fb649fd81aa4ea7f98ce83df4dc9a758c710ef7cd7f5ae5213ecd34f4ea7059726c6461e178ffc5498ce896dd90ee9a23faa86dadf2c29b49cd0c6c22dea642e0bfb9040e3a5f23a5ab802ad0c560063ff07dbc46d2c49da273db9de6d60eee94c46690b27b9b9d671ec428d0808800fff57188e01309f813e0c9a073812890f671f6c9617d67fcf82c3bb51788a9f547ebd3d87c83151886e3ca74f629c4a2f43ba6c9a21e114da6b1e53b256db9985aca698b98e232522d7e6727201cf42752417de7457be5444c9d943c7c6a0fb9a733845c140d99ce53d13c4bb2ee3576f0922bcf8ea4e1a4b71acb1e6c4130c722b5d86ce0ec57d5dc26808fcf7d2a2e9b4ed2211138aded1f7c44a5e10622a86c1f85e7067059e9b48ada22b54dc1bec77fd872b4d38f1e1028e63344c0ece66fb649fd81aa4ea7f98ce83df4d12e17542d9733d8ff6c50d3c4fd2de4d102f47a7fbfbf901b96398a5029887abd5564fdb92736c61bc144bf65dd60c079e806b725a50113d29122feb3157866360c10abe80157a8d2ecb05d027ce701bb7148256d08bf1811b376efe065ab6ec90ed89d5d036508cd21b8d69435cac8012890f671f6c9617d67fcf82c3bb5178cfe6a15b5c9bb212a2f73007f365c6f03be467173dbc756126494063b9c0c3664fe0ebdde780865f8a2b6fcedff62ca17d8bdfefa96cbcd68f0e4a8963fce06ac61cee9edd9ab0761a6ff5ab975c65c1a24cfde014837b7138238f5cba5c1dc94df4ea33bb8957009279efe53143d470de810019e135e44dd99d3a7f86da6e3205b916dda91b29d17ca6766beef0cec1061de315013ce71d769265c8f6799cf86c45ffa80fd087721e926be4d2e4e6773a2f536da6ed810a2fd105a378740d8203b922ded273a3d83cc20f16a279725fb08fc71379a7afb5b0c80be7d09577a5c2c94530357ca2c568f3f80b1a3ade374a43a31c8321d005bbce54e6912332adc2598b53590c81937cd7baae09c3e41bb1195e9a32edb9cc6c34dfbf022c5c461b0ac35486bee535a7635018aa393d2deb4cfed7059355f0a43e7977c8bfd01e0724a87f9601c8221520ef2ef54bce0d4493661c12091c3389ad9ec3d1b86c0ff87646edf4f1c8fab50ebdfe65d84ccc177ffd2e03fb734e82eaf31b6ef882b677f366dccf8f502adcb0d8ea75d0e832d0a41c56d265383f3c82d191542dd5a034bd236b6ee0140c891afec1e3e91622d863bc9076c0f0b2b0c1aa047a057ec46db644d776067bbc3127834f7a1ce66c4b82d637bcec50b472c30d4ef5b31d4971fddd50458b6a5211ebf4a5650d350e9d3a4a93a5dc6aced1aed6ab6c8787462154d518a6b45b88acc1995285d912c52f54b9f84d02a17568f7cc2f8226cfded7eb1009f4315bccc34fdf8a5e5a87e955ad3329a96f65c8f225ad9c5ba46be0745858e4ca946e74799f5a20beb54ac6f627e67ee2d07ae98782e670cc47a4cfdf1a92c6d364f38a4596d81cd534b4fc0287e63f1d4b7685c95e676dec9f3e4874df91ef90f9762372ef29ed17c249edff0757c68ef86f4a9d2fc485981f764f22e9b83d2352796795a96e8aacdd0b76785d99dbb8a4a4468745f620aabe8e400b1b752834c90790a6481896979eb1a5aa43031717f4460e86df5def5edd6bf7183d22918ab7294e15830926ac6155157a01c4aca733df1c167d1da2ca4ce9402753a71ba68f7f4e01377afb43f4917a754c2ed33ef0bbe0f44ea2129bd772e260dabc3e69596200fdf5d797c1e3dadd77ac254d5ce013f1538e0f8416bab23909f05bf165348e66eae852e079626da6e315eaf7a1bef490d9f905ad000207724568232a2acedee0040490b3c12106a736b56d70aec5ac58f8b99f67c3e2c863f260416ae96fa9a956c44afecaaf667364fbc9b3368c13e6700539df424d9d2411a364b872c05a93c4406823ab0dedde005d62d3fb0e205eebe870de92430191201c1f25c422fbe5117bd8996516fc11b7cef1d85984f65395c831e29fa84c323c8680e5713afbe8be32a8d65801ca76868d5b2c52ed15b52724b53a8907006f806944743cd66284859225f5c83b3f3127d3682d0dc16c64ebd3f37a53a5d450bc472b8da94f20888674e7edb22c39d392c6198a38ccc2d2a5c1084f54ad79a05e45239e7edefcfcf235a06c931b47d378a5977a82b6c913830049b5d5cd303038c9b59faab9ddae87a58029adffbf18365a678733da766c229aa029c6daf8f69ee44b5636ec77eb744d70675aa47d7576fa63579dbe74de9bbb909c2394f15b443a0eddf8f61baecc9d27baef5eaeb3c2ab6627dab0de0df8c9f6d53b6ef7b239293c8fb5785dc721d62c7e16151c1f99075d868c268a5549b7d27bfdc1f2b36e018ef18efa47a17442cbafc3fb9c34515bdcb5563a88ad9e2966bf42dfc04b9ff8bbd6263e72cae3bfed1c29b8e641988b1ce263b00b08c38dc0948d39d9ad0a6ec04afb301d08cd2549e42bd460560882bf2af7168359dc09c7a20f962216869fb00ecccd8a90272bbde00603fd2c335c3b77952387a114f86b24b3678ae38d0a057a84542213d7bd623f6e2143ac69b2c372556bb9a56847c0f1daddd9e5e7f9e3c61468ce8733baa34ea5956d3d124f751e11913fc7d6600a69c0d0a1cd7940500f64f63f2db6d132a345ed2315c0ad8ef9f35ebe293164eb9be1538f826a712ae52db5447dc8d067fa38112417b0a767afae367e96a4f28a9cbfddd2de94fbaf64d9018d5287ae59927fdfbb1c3f1ddb97fdec3203dad019c1138bb0ee19406ad86ca13a6501151d268eaf90353f446bbc4ad12a5fd12fee4126479acc0586428ec8dfbd631edcb2e0d92b6695292f4754a0e1f421e726c0614d779a5add3308fb2aa01b32c88a737e35e22e36d6cc24895874cd062107c022638c9f29969eea7b5b562b561cbe7a46cc62a62e99e6d2aefd8d947bc6ca1340efdc0e35b5bb3b376b17bf4c5a9050f34d09baf7b83d869e6faddd376f83b3818f53660d7bb9a7bd915a3e16ae07263fb2c351427866c929c35a02993feb1d0a0a6e834212cbfd5cd3666103dadf4b24534dae36fd0a7afb03902fe5d3a0ebfcdb672b349f969446249a6a64c062ed5eb25aeaf69d2d187dbd9417fd67d607ed29b6eb147d59ea5d8fe3205a733d814c9c1ae702a65a1234bdd27769ce1c7831e863ca6443584bee8890de5f1b495586271db44df120db48994c88b8f491fa0d9de4a54f5142998a3d469a3b3eee2c04abf7daa9ca2b10ae1801b0b2763c12b9680d65192212174e4f31c867ae1e41bf8473563924fecc321a795b20e35b01a58cf3753f6d6781a5e75d79152f73b3b2a85ff7422ab4f2f6c9be818ac7dd4bc3af245c500e7349ebd74c89b1e320c2f9909c87b86cda02f5fc114d7bc8b0dc8b97698cf78751280c042dc14771226cd8cd8ec8206019b666da2d231edaf3c1017e9b5057879544f5192b842166a25cee23fc588df8aa6c69eb693fe4847c6c285fb471c1854411644f64104da005b53d839b11b7168c6c86802c784f7018bbf87d2a16435ec282fa098c4021deb5116da208a527385a3e207a7a95f0374ccf776227b414e8d5edacba63bd60622027fec4f04b1e133a8bad5706dbc73f53f01cfc6eeaf34b04184f699388bffde0f51a92a45e261084b74f2ec691278077a9e164a567540b4c49d4db2346830207032bbeb0f203c86e72f10f3e87aef44d7b563ad8fdff07a2a0c686c0e7fdfd3680b5ce898318161c56f556f83d9b5d5319d3bd67e6b34c5e39ff00dd74ac7cb7da3de56c325792a31ef48832c1c7125166645ebabe1848735055ceabf70ad9620ae1ae83331b5544e5f40fb755467eba7230f18f14ed53beb731ba0cc0bf421091f45b1b9fcfb44d22d6d5ed2c526fee4c4c2e0da0f6a7724ed4628182347e624d3570ed625263276da01da87db54c6836bb0ccaf53e9eb0e99744dab9b8d7a6dd5ced6f8062946dcd98edfa62a831881261bf03269ff09a7ef902cd88d7c58e67a10b660d97051061c2c324da0b27fa69574bbe5bfd
