4145702d1773e90b14bb3323855f8e18dc46bf508376788694800aa7a1f35679e53a9f32d2276cc836bd67df5a70edc048c406db4d89873660ea3c6bbb7961a5d8172c1fadfc2074ad9c45850e9ea5900d02fac9226eb46ba4d56ac1eda533addc3ab17b9b73f6e5e4c9db71d3830c5c98ed101d57b42896e1c1b13e4b20dfab550d034838f1832c333e9319ac3c58f74e97c7b3536126b72355f406a9ec9c20e059177addbb7c6f68cf508fe6585fe138c12c3d595ab51f23722a120e72d5d0722d423e1fb998370d1d64e0647abec87f354c864c5026b2bb0fbdd1a15b321150ff455215a3080d1f58c559d31596214c5a4060f2ab688fd341e7ddaa545a7e5e57d5acb0d15f0d6be8a591dbc6aab59f17946152503f60b07dfd724632247e3cedf8d7ec9d91d8cfe253a05494251c54a7a2540bd3528d19104e9666a92c46d4cabd799ae8bb1b86e34b2eb9a2555b9bb114f419dc540dc184f4e83b2c589c96f33699f54f5bc9c9231579692dbe816f4b550d1bd045742d91b948e57d2ca078a5977a82b6c913830049b5d5cd3030d219c985a18faf1c5fa10d5690e384fc0ebe79df43a33ef528b7a9315f89dd8093ae5ded8513a7899dfc21f6d0234dd3c28ef467ea89d4a8cbba6920368d2dd77ea17932efd74822143f61ccd2c288980e4a02f47a9dac2cf249841ea11c816ad70526cb0893d6b168bfbafa1b2788c2d6814ead385809858aea725c110ae8abc7068d74b9095cfffa929c079610a5a91d1d4391646df041eac5b9e268a600e109255e83c4dc3ef0e91e98d2395a7b27afff83846e5f16ddb723df159e3febdeb826fc8ddfc0c4a56793c2fa20ced06175b79e900ac14f1e56861fadbdb5dedd1c5bfb60bc7bef794b73a0748143ea75dafdb9f87d64249abfcb2cf6aa4fede3bacf1425840dcd342c6dd5d524d8775d2ca5d4cbd03280e1de6a038676305ac388afd286febf4f42d3330bfa0f04a1a50154629ea0daea3155317a1261831ce169b2c372556bb9a56847c0f1daddd9e53ffb0fae530f837687ef9af9c17a93cdcdf15f6a6c5b4f467129018b0dcedec150317944dda819653ecdb027ddba62845944e682a6897d43c20fd9137ab6ff60198e43af8931de96e336d6887518d0c14264d0f189b774c658648131a63ebbddc1c2dfd93a23769f396fc6acd07b97d8a787f7e418d312beb2dd5c251ca315a6473414512c4af093555abe01f09a74584758b5bcb3cefc36a664f05b36c1bf47faceca6741b1cb0da5475086ca70ee9d9bf37682ecd2965e12822568a85b9da7b954340bad30ef511940f50c9b4228d87b0e4bc0f592b64ec9c8ceacfdbfb87ba17cf50428a680c2da010cac79922dd7165b261aaa4dc199ac5ecb0904fd15ebfc125ca3ced38e9e1a0b261ca07a694a99d3de734b9efa79d198235526b0763e0091e002cdff2ff9941835c072bf862ce2efe1e42d245534ab04f6f4eaca46c0105355d46e2a28f0dfce3d79ddd18db9266b2ba03c3d078fc3cf4975901ffcd92f88c2d90fa69c2092e10daa2ac545ac72d2c7145cabaad04420e40a7e9f0f09fa62cc83ec9bf633bfc673394c2d828ad8927340d8cd017fa95e76cc7c74efee75cf2ae678c5149534e2e2d21cad0ae499075d868c268a5549b7d27bfdc1f2b3a7428b307486970655c4d0b73659368688f38b10797935b78a9de44dd03ae06fba3bbfc5e77c7d7c904dc5bcd0e1d0217f69aa908c28804f5da514a1819f209c27a34d943103fcdf919073aaef4a2ce84a60c0280c3539ad59af0621015d41a32976136e9da5a8f30347d7eef4c77ba9dd91adc200b1d0c5a3fdd55fb52e9f66affcfbaee25ac7c3408065f63bd1ee43d0b39eebd307c3d1e72cd815b03c457ff4454b53e3c967f30f4372f47a5ccd107d8bdfefa96cbcd68f0e4a8963fce06aed75b989991bfb7b9d3b00f5f643a7288c132efe2cabdf6e95af38c0a9f3e3045c56a8d27d8df1f680c4617724a7ed11d8b0ac1d5c6714865d662caec69831a7573e984e1d5adc757432717605f63b11931ece80d23a793b0a68644717897d37fc0d09824390e62659d3e11fb1b1563e8e4abf420e3d070ca1a48628c7a2183eb79446ea400a5df8b8056a2ebf5572c183ffd7d05b0736a665a6166278b086529477940f391330a463afbfac7caf41de5abe1f7e56b18021009707e0f9935e9792f9c429838bd6d9a857769f0f832d7d1e62d125d1640ddc6bd6fd2128b0381a091739001a13b1c14d97f46e37d3cefe2693a8149439a37d4a18917ff7b41e46f058ecfde16a416985b88f96d1dcdd2b2101f09766482de6d50b8fdca04e07452e6cea19b99d1b9c470861bb0a637447d0f541ff67640ffe7d2b729d147d33322705a04d2a54c35956ff245c25df8fe707baa89805ddf29863d9c26018c095ff10cec63913a6ec59641a3334096dd0874541025fe19f905756fd8b94ecef2694aaf4e23b23aef1fca387c2096950380c27301f93c58fe5d17d37ed6fe7a69f71b90b29202396d4f670a689fa4c6de48596bf31e5ad538b9f3651c8b07d39bd3ecefb190800ecd6dc21878856ca52a9c0c3497f12aecd22be7972ec8a177488e9b2f0ddef9c5e32048f22374e48059cba136fe00d89a63ab4e496c41905d859472a42037d005caf91ffa1c1a2e55a924edbc6614045db5b458011cca7d4fb9d2fc3ac8e48c36f63b8562c465b395ba137c8ed9b539aae81bc37e0b02be7a37c680091e002cdff2ff9941835c072bf862cef29f903f6108e03ad8f27a0d9d63b5243a873c032cb24790a46898465c5013f7bdb7ab76af4110c24a32bec92ea182c37eec44e0e3d40be072b1299e39bd2297a9064c4d840f321e049d126fa07f209332a280de170a43de8a64cc5af796d754901a736af1087f14720ea4b3a05bbc0da473a559d6d238bb864adbf4edffee099075d868c268a5549b7d27bfdc1f2b314ce5da9b91b55b69ec64ff4fba0a6fdcf51609978d7e97b54fa5aa31e2d3ce8b1562067e83dbe8285d4be82159e1c47136a8a9a99de90adb4f3f5a09c212b8578c4f309fe6f8fad077c5ec903833af8d56064c5e00252a918cefc8ab84cbba69c2f016c946f104a49733e794281600ce066e8386ccf3275a3bdd8834d0e15ec337eeaae0e39a93985e1a3e93e6fa9a9fc9b1d3f3665a296bab93b062f7f802da4d91e1dde500524ca78042bbc3236f669b2c372556bb9a56847c0f1daddd9e57a08a6ee273fdab7363393d93f1e447761e307225f9390f4d18e07328a40cfe5e5d2bb677c9fcd19970444e2874e9b5f95b3eb8db33c009d5a4ffeac7264b0cd3158b44ed73ebfd7ecfd4fc406629ab90c1542905b110c80c6f394e537ad333094fbaf64d9018d5287ae59927fdfbb1c674394dbe6d2bbb6de60168b8acd0f67148132f1e4fb33db8d6873eb6bdaafe1ccfb68269eaab88a4871ed714ff0ef34930a77532537abf5c4527fbfdf2851249ecb5d6088bd6ac9d16dd3f4efffe65d2f6a27364e4cdd9445e1e385132ad81a336fe23a64c36b223c8c98e15395e789a8ad669f7345a1f15e88ca9dc5d9e47418ad156bd1a9f90ba3aa4c74a232341ce326dd66c9ab1cb732f70944a3ff7e823598972e6562f9bded63d6d4fae73ee040ce0f245687a0500ffa7c1b9d2b98f369b2c372556bb9a56847c0f1daddd9e5dee1c24bfd95ce28128e5e9e0a0ec8dffb6e0c9653bc0556bff4dde8d72c3696f4a8e06029f0b234e73d22ee7c30827c5a32d97a82ea3446cacdde4510feae4b0d0537dc5fad1276859c2f6869f11763bcf9dc22da17a40775da30a44fcc721394fbaf64d9018d5287ae59927fdfbb1cd7086a54046475c5c32104477ad12a2b0c3a23717a5392ce3874dc9f41e7f6c11ee6a6ae2b81eca9c09e0caa17f10e12a26128c932abe05d470fb8b884f36fbe35ffdcc8ad061477fbef64037ce42260b94485d4a711e08b21d56c93222f798153583babb7e5347ee8ed9a5996d22765969eea7b5b562b561cbe7a46cc62a62e99e6d2aefd8d947bc6ca1340efdc0e35b5bb3b376b17bf4c5a9050f34d09baf7511f4d8690bf45d59eb384a1d6be8fa204502861bd0599c3c09f789a22b490c016200c09d5e135d457f0c6e0a8d2b888357fee3e7ae395150bd8e0f79736c694529e482a34c955e08d93d8038700e038ea8312ec0a64d3b1b959134b46f62c2bd60f111392a8eaf099871f299c94c535bf5d635e7f055d5a60fed7b5f163b458ac6d2a6c766d2ca57f774a1e2b607683b48a5aa4ebf818674ba5897a38a4a4e3305abdd1f09706a80ca39222e2d94eb6d433b6ff5c2499aa113204969e1e2236ca2b10ae1801b0b2763c12b9680d651912ccf99de4c87d48e477865f6a6c853424fecc321a795b20e35b01a58cf3753f6d6781a5e75d79152f73b3b2a85ff7422ab4f2f6c9be818ac7dd4bc3af245c5052f2978882af50410163a342be9d110913481e754e7de734a81b1868cf0d4ae4227c9830bc5b3dcb3a60764987313076b93ace4d8263236da8b6e572e31e319e495acae60e4f8e0274d0e1f5ab6d09b65a1958625079e0838473a1055b859dd4822161d6cb9ca9fbc6c9f94662e2326d88edc2ace63a06a9bb04475a4baea492eac51067e1b283e852d730303c4a4f13c8b3d10b263c62a6f075b1a11eb1f42767afb0cde175b3e030db35c5155177776ced9b89845a6547e35378b3217446e19b2893e670f62ce5d9e54bca9485c5a01084b74f2ec691278077a9e164a567540b4c49d4db2346830207032bbeb0f203c86e72f10f3e87aef44d7b563ad8fdff78d2b7210b0cb37482f48018d37f356d85eb83aab47e1f86b79e46dec1c709fe8398f07e9dc98322548d96ebff0a6ee334f1e97e10bcbc15ba6b76e6a48fd5fb655df31993502083979c8df6ec7f43a2c56d880bb8b02ea6f2e08596042660ae53beb731ba0cc0bf421091f45b1b9fcfd50fdbd66ad0636a7cae089a3fc6e83517bbad13eee16f5dfb3457ea45c74d877bbe8ffcd678f4c443cc5733feecbe819579336c0078cdb321eefbbd2d5dc13db85e10476ad6477a346f3f7a62f302aa512d996258294d431d9e8ab5132778fd2f6ad7f3dd5a6056075e9688643280b12a42037d005caf91ffa1c1a2e55a924eaf19baecaa561d4ba0e63b3be440f0c6a5fd21e54035bd3d1b815044a31426e7cc55b41e9103aaf3ae0f8a441722e70c583c4330b874998bc8fcac6f1ccb2f4e73238b6d820340d3117a1d3f1a34844554e9dbec66df17f570bc34b53aae682127ddfedcd62ca054edf464e30bcd1aaba19f268aa05410e7d03e3b5395e93f650ece66fb649fd81aa4ea7f98ce83df4d0d4b4a5b91218b1261ab5496d2e9780a3f0bf4824cb4d1dc6863a696ddfef8e8fe66c1a9725e698a455dbd6408ff1d9ef0c4c4e895d9b344b2b8a6bc1ceb41bfed0ff2abf3a7be7cbd0daf376d3423b60bfa271180045f2b4ed7abf76522d6ded2257c650947410b54c5b5cbf8668d544544f9cbfc9bfc1de0030940b9758c6b7e5e3874c46505986c3bcb8e416372a5ac95a6ea3f0eec99bbbed5bd4cb909cedf8164a04c98c587d2009457a25243e8bd9071b0f2f1a1963e532431d3cf05b7b836c214eee552298c65ca528c696112b3e22f4126e107b2fcc6433cf663231ee137ea9f86c5c8a7c80748ec4a131b6aa1d8cea5acbb64aa2bd3d6b9c86f4afb1230c6ad499e2566fa591fdccabf718f6a6d9d93ebe28845d1991d30a71d2223650ca92356ed0df490c4a650eb66bf59e0115dafaa6cdf942965e1876197448b97fa180dc2acccf640fcf8d4f0248039aac59315feb7442cd7e4f25f670c094a7d1056d11488db80a6bd0d10c0805a7c100016fa8da7e4ae5713d83e5569532294b04cb212f19e6b1bb4f19e87eb7c66faa3b3d3ca29ac3323421203fb2f79b0dc3ab17b9b73f6e5e4c9db71d3830c5c34ab09d0f9700724e6ffd9091e3f0c2ecea06c1ec0271e4c814030b2d7ceac75c632994737380469670040accef711e14bfd3542aaf4804eca05aa4ac3b507a1fce43c5e968fc1b2933fb8c2f0acc9fba055fcbf22bb2d8a876a691c7b0c329a3ebe5bfdcd80753638e994b90c5654afd05b5395b00bc14fac2987f74076a9916cdc87b7c1ecf6762f67be3bdbaa27f3f61d68381fcec7b466d29082c8c24f5bec8c54ee2a465be4f96c22327d909b9b1bce779194c3c5ed1b43030a53344be642600b259f3da792452d95664a4aaa7050766461f57747b1156acd0625d58e81d36f4c55a60195d9f7bd86c5c01e4e352d6519cd879ef247217b7f74756ed70f7cec02fdf3ba44ed08e226683d4b71b5ae07116d2b98b4e3617246001d456e6f1e0bb15f4921d96be6b7bc9eb07b656928ab2268a1237334cb9ab7cf452a88c35f8c1e717ed29adf4a350e157aef8de3fc4ec9d25ab183aeab87cad997a512d021b210f16a3cb389a7d6a11b38abf5e4fcca41f94c545561e5096a544672f9322189e8469a95600fbe772e23c7e3083759fe17d32e0457bd9fcc009865d9e3db42f965b1d25e01323cbadc15e3b2628d10efa09720434708e6fd3d201caf62255c598188319dfbae6b0167659af8880453a84d6868dc4539bfabed3d667a58ebedd2af36c7a0bcc0566fbea5094ffa84cff62d3b0c0d76d4e59875e694ee2c2435d58ff0434c31d9c570bc03bdca97443f0c545e5d930c6e8ce7797a9b2fc599bf2780bcaf9b54c4e49c05e47c50e408f0d52ab5b6608152a1bb0ed98bc8523008e498e339d21c46071ebe6a73aa24df4ee9ce4a9561ec48170563195e03e944cd4c3e4e4b08ac48483330710da79ae1b620ffe101456b8c00475a760c43aa8b9a18126d38d05371bf6d42c1ecbb6024a92abc57287cdf7c221364cae2baa6a6e0ead00e5d03fe8239f29c197c1e11950f99f3d328a57ac8907cd061fe24b2d3de6402148eec8512a1895f38d8b57a65133bcfc0d5cc81c1eedd49f939989bb2ba3d89ddb7d341ad623ea58dcf8dcc1334de10d1f7578472df261174a8b2879131427ad83db1a92444d5d3643607176f95d49bfbfacca17f3bae11afdeaa2bdeb023f205ceccc14f76b111bbc394ab13fc2b80a4d1a377d6772072f9d449497f4c132c0b7737db75041ee5d1d14f7140f4ac6721e78f6c9868ed5959e06fc313dac247507585fc8a01d76924a3aee8a5732144b1fe024e3bba2b065640bf73ccc7068d74b9095cfffa929c079610a5a95b61dd3856cd7fd9e1d1731adee284b60da39f9023e44ca6bba7a685e395ff9f595117289b48408f21cdf8493f6740f05229cec13b9e51fba734b9a84e8e5d0af696631fb07dc6a9a2566f65682a85d2e55b840553256218c7053c5aebb3ddf6366294debc50db536211c744c553aa9fc050ea2168a062f66af2560f94cfba309c4a2f43ba6c9a21e114da6b1e53b2567a1a716e670ad19b55c01605808ac7a35ea0d6361bcb4758bb6ec13af653c457f7c8d8a6ca0ef4816729cb9cd8aeddb9b9c4a02aa8ffc94b72892243462cf78e55be9003a66ea4f08088503fddade107610723765801683822f7006e68fa3a372b9089d2b0512e8b4745fee84ed5b16825802dcf811b16c60719dc8e62c763c03c0124a9cd1292ba973795417849e08641cdbbba214934a9df761d1451be301cfb39b77a7929717225c9a8c7a7af1fc20b60f85c894393c6dea38aded0a5124ff20b282dea96c6eb08445346a920a16b58394d24f6b96fdeedf5213c43720d311c0a5ee778054bff88f2de170bed8e1ecce0b73190a7c99c8e97b7ea55d733ba35bec4f862ee41eaf4b39249f1ec787b7d8bdfefa96cbcd68f0e4a8963fce06a91ba6cac56b813850e4c400ad24bebba7440cce882ab0f505bceb57630e6e2723b5dbce7ec7367419b4a5a181d22fe8f16f697949de37c14767a57dd57708c861cf209e72e360cefd7e4bf402e64988bc22700b68eeecc8fcae2ca7b97d14d646c45ffa80fd087721e926be4d2e4e67733e2209c01db4c4bc4f890a28b404eddcae0276e2115816ac80226361063c1cb41014fae8980e4e5b97835d2b33e5d0454401e7ba344b5b8263c214ed93350d5dbeb3d2c031d2852fc68a1eb670627c90354689d6011a2e578fd25baeb065578382e24a59949fdce9753ed51b8858d431b0ac35486bee535a7635018aa393d2deb4cfed7059355f0a43e7977c8bfd01e0724a87f9601c8221520ef2ef54bce0ddd4b5702560ecd16d63d977520fffa2884b7945af4e5027851fa8eee0fc0785bc733379642c76afcc57f7e97836ff81f7718ea40418ce3830071ef9427b1d3fb5b11cd193309de5698cabf82df6015fc6a86d4455eb2fd258c68546b668eb68dd65a3af0104212e83841b234899891ee97b096218dcb5124f71bcc7231ae9e51944d49dbe6bbb616b195a16ce1b3b9af32385d4d521107fd7ac5c0b7b78bf15eaa25d651cdc288a56071024572e0208f7396a1ead53487ea98b26c0b8c9236dc2f54b9f84d02a17568f7cc2f8226cfde5c0c12ce16eede7e6e28c627d795a9c955ad3329a96f65c8f225ad9c5ba46be0745858e4ca946e74799f5a20beb54ac6f627e67ee2d07ae98782e670cc47a4cf42bbcd7203bec4f391cabb2f82c2ec524c1faeb26610dd4aa48b37e8d88a938ca43761780b1499305d7333e70c6a14d9ebd898aebefa6bf5d68b7e3d17cb25d5f8fa23b15dbb50b2d419fe1eec49ed5dfdd288452b7103856b0f3ae3afed0e95957bc42317f6ed9d27541da2f30d1412cc228c4ba5a3541b54f1d063240f434d41a97380d4ca86d4281f36bb124852fccc33f1a76d43b58b1454bc33ae73d28e99722835e86d9d95f169b2905e7f2751d9c8fa6933be64d6a044fb0a8139d67ab0176d311e5c85f28b505fb84e77358e77ac254d5ce013f1538e0f8416bab23909f05bf165348e66eae852e079626da6e315eaf7a1bef490d9f905ad00020772cc6e390892987ae19edb3fc562806f78ab7c04a57b78c7cc631936ae5a3caf02e57dd860053ca51176cc94c3df06b821b0bac71b0d682e3237e94c3e8822b3ee5334444066b025886a3123689a3635154db0e829623a4ef7594cb07d2608a748201c1f25c422fbe5117bd8996516fc11b02ce3f37293eec8d8ed7890c3b8aecc8f94877e4fcea48f194bed22ca69aad82440027eff1fef77d3e05e79d008b4f6f440f15c0cd88745b3bdc6a45ae243d3c4fcb12d3b97f67bf4d65c77ac3aae04bbec4707eb842126f3e3ba43012b868b0005a9eb8335ef344705b4a9350445575e45239e7edefcfcf235a06c931b47d378a5977a82b6c913830049b5d5cd303038c9b59faab9ddae87a58029adffbf18f1813fcffaaab5a8a9672b2b3bd10fdc2d5236814c3d633db78665a948234b3af1a190bf9c2e1685939053086df49f8b46ab9bba31df7b51485c84c6e4cb39d3a339a87fab4041ae75f327c857209bba852d1381740c6ad8115052322df4412d99075d868c268a5549b7d27bfdc1f2b38764c44c5a97a17555c4e82e5445ead4252544e9c4bd9839d424b2aed4fd28c0e39906850e1bd13e3fed9c0722a0f78b71f69e7cebdf21b9d0b1ddbb3b276bd2ccf04658c8cda786d0db43c78f9a777ead4c95dfa166635ede9a74b25c66a078d3fd7c1d2c662a5ed02a630ccd54b134335c3b77952387a114f86b24b3678ae38d0a057a84542213d7bd623f6e2143ac69b2c372556bb9a56847c0f1daddd9e5b4e3d2111d9b98ad38808b441804eabb58a6879ea1f536c97d44dd62cebdd9fd011dfc0faaa9600a9b74184f107f40a71fb929be5b8fa9d3045e2fbc0a60628858de19cecd1f11ecd4782cab65e70910fd83a4389c60b53a6c41d9807559833894fbaf64d9018d5287ae59927fdfbb1cc049a066d2d9637c79ff2bf83974bfe44e18b24b056715510f014438d8a9c8aa9f8242de357bca5b81d1120e0a9464175d9169245a34538b99bec60134da4c1861647f1f8e20c5b8844148f36d1bbf393bada84f1fd5c46a90c1526b00cf3fc8e9b9b4dd588e8d880c6384ee63499b86
